// !$*UTF8*$!
{
	archiveVersion = 1;
	classes = {
	};
	objectVersion = 56;
	objects = {

/* Begin PBXBuildFile section */
		94055A452B1F745F0025D012 /* CommentsEntity.swift in Sources */ = {isa = PBXBuildFile; fileRef = 94055A442B1F745F0025D012 /* CommentsEntity.swift */; };
		94055A472B1F75610025D012 /* PostsEntity.swift in Sources */ = {isa = PBXBuildFile; fileRef = 94055A462B1F75610025D012 /* PostsEntity.swift */; };
		94055A492B1F75970025D012 /* UsersEntity.swift in Sources */ = {isa = PBXBuildFile; fileRef = 94055A482B1F75970025D012 /* UsersEntity.swift */; };
		940C1A342B619B1D00BD841E /* PostsTableViewCell.swift in Sources */ = {isa = PBXBuildFile; fileRef = 940C1A332B619B1D00BD841E /* PostsTableViewCell.swift */; };
		941566A72B21104C0046598B /* NetworkService.swift in Sources */ = {isa = PBXBuildFile; fileRef = 941566A62B21104C0046598B /* NetworkService.swift */; };
		941890442B34E0B600A92845 /* TableConfig.swift in Sources */ = {isa = PBXBuildFile; fileRef = 941890432B34E0B600A92845 /* TableConfig.swift */; };
		941EC7D92B1F85D500A05F4E /* CoreDataStorage.swift in Sources */ = {isa = PBXBuildFile; fileRef = 941EC7D82B1F85D500A05F4E /* CoreDataStorage.swift */; };
		941EC7DB2B1FB24B00A05F4E /* MainFlowNavigator.swift in Sources */ = {isa = PBXBuildFile; fileRef = 941EC7DA2B1FB24B00A05F4E /* MainFlowNavigator.swift */; };
		941EC7E02B20CBF700A05F4E /* UsersFlowCoordinator.swift in Sources */ = {isa = PBXBuildFile; fileRef = 941EC7DF2B20CBF700A05F4E /* UsersFlowCoordinator.swift */; };
		941EC7E22B20F32900A05F4E /* ScreenBuilder.swift in Sources */ = {isa = PBXBuildFile; fileRef = 941EC7E12B20F32900A05F4E /* ScreenBuilder.swift */; };
		94284F382B8C8E0700B369A9 /* UserDefaultStorage.swift in Sources */ = {isa = PBXBuildFile; fileRef = 94284F372B8C8E0700B369A9 /* UserDefaultStorage.swift */; };
		94284F3A2B8C969200B369A9 /* LikeButtonForCell.swift in Sources */ = {isa = PBXBuildFile; fileRef = 94284F392B8C969200B369A9 /* LikeButtonForCell.swift */; };
		943ABF492B1E5E0B00B5EE1C /* PostsModel.swift in Sources */ = {isa = PBXBuildFile; fileRef = 943ABF482B1E5E0B00B5EE1C /* PostsModel.swift */; };
		943ABF4B2B1E5E1C00B5EE1C /* CommentsModel.swift in Sources */ = {isa = PBXBuildFile; fileRef = 943ABF4A2B1E5E1C00B5EE1C /* CommentsModel.swift */; };
		944323732B3CB82A00E45802 /* UserEditViewController.swift in Sources */ = {isa = PBXBuildFile; fileRef = 944323712B3CB82A00E45802 /* UserEditViewController.swift */; };
		944323742B3CB82A00E45802 /* UserEditViewController.xib in Resources */ = {isa = PBXBuildFile; fileRef = 944323722B3CB82A00E45802 /* UserEditViewController.xib */; };
		945B14582B2A297C00C7532E /* HelpersProtocols.swift in Sources */ = {isa = PBXBuildFile; fileRef = 945B14572B2A297C00C7532E /* HelpersProtocols.swift */; };
		945F10BA2B32267D007AFFF2 /* Observable.swift in Sources */ = {isa = PBXBuildFile; fileRef = 945F10B92B32267D007AFFF2 /* Observable.swift */; };
		945F10BD2B332029007AFFF2 /* UserTableViewCell.swift in Sources */ = {isa = PBXBuildFile; fileRef = 945F10BB2B332029007AFFF2 /* UserTableViewCell.swift */; };
		945F10BE2B332029007AFFF2 /* UserTableViewCell.xib in Resources */ = {isa = PBXBuildFile; fileRef = 945F10BC2B332029007AFFF2 /* UserTableViewCell.xib */; };
		9462222A2B7BC58500E88B8F /* NotificationName + Extension.swift in Sources */ = {isa = PBXBuildFile; fileRef = 946222292B7BC58500E88B8F /* NotificationName + Extension.swift */; };
		9462222F2B7D4A9200E88B8F /* ProfileViewModel.swift in Sources */ = {isa = PBXBuildFile; fileRef = 9462222E2B7D4A9200E88B8F /* ProfileViewModel.swift */; };
		946222322B7D4AD700E88B8F /* ProfileViewController.swift in Sources */ = {isa = PBXBuildFile; fileRef = 946222302B7D4AD700E88B8F /* ProfileViewController.swift */; };
		946222332B7D4AD700E88B8F /* ProfileViewController.xib in Resources */ = {isa = PBXBuildFile; fileRef = 946222312B7D4AD700E88B8F /* ProfileViewController.xib */; };
		946222362B7D4DCD00E88B8F /* SettingsCellModel.swift in Sources */ = {isa = PBXBuildFile; fileRef = 946222352B7D4DCD00E88B8F /* SettingsCellModel.swift */; };
		9472B6232B17DF4900B7620C /* AppDelegate.swift in Sources */ = {isa = PBXBuildFile; fileRef = 9472B6222B17DF4900B7620C /* AppDelegate.swift */; };
		9472B6252B17DF4900B7620C /* SceneDelegate.swift in Sources */ = {isa = PBXBuildFile; fileRef = 9472B6242B17DF4900B7620C /* SceneDelegate.swift */; };
		9472B6272B17DF4900B7620C /* UsersViewController.swift in Sources */ = {isa = PBXBuildFile; fileRef = 9472B6262B17DF4900B7620C /* UsersViewController.swift */; };
		9472B62D2B17DF4900B7620C /* PetProject.xcdatamodeld in Sources */ = {isa = PBXBuildFile; fileRef = 9472B62B2B17DF4900B7620C /* PetProject.xcdatamodeld */; };
		9472B62F2B17DF4B00B7620C /* Assets.xcassets in Resources */ = {isa = PBXBuildFile; fileRef = 9472B62E2B17DF4B00B7620C /* Assets.xcassets */; };
		9472B6322B17DF4B00B7620C /* LaunchScreen.storyboard in Resources */ = {isa = PBXBuildFile; fileRef = 9472B6302B17DF4B00B7620C /* LaunchScreen.storyboard */; };
		9472B63D2B17DF4B00B7620C /* PetProjectTests.swift in Sources */ = {isa = PBXBuildFile; fileRef = 9472B63C2B17DF4B00B7620C /* PetProjectTests.swift */; };
		9472B6472B17DF4B00B7620C /* PetProjectUITests.swift in Sources */ = {isa = PBXBuildFile; fileRef = 9472B6462B17DF4B00B7620C /* PetProjectUITests.swift */; };
		9472B6492B17DF4B00B7620C /* PetProjectUITestsLaunchTests.swift in Sources */ = {isa = PBXBuildFile; fileRef = 9472B6482B17DF4B00B7620C /* PetProjectUITestsLaunchTests.swift */; };
		9472B6642B1B93AA00B7620C /* UsersModel.swift in Sources */ = {isa = PBXBuildFile; fileRef = 9472B6632B1B93AA00B7620C /* UsersModel.swift */; };
		947D7F742B8D1D3600E28278 /* FavoritesViewModel.swift in Sources */ = {isa = PBXBuildFile; fileRef = 947D7F732B8D1D3600E28278 /* FavoritesViewModel.swift */; };
		947D7F782B8D1DEF00E28278 /* FavoritesViewController.swift in Sources */ = {isa = PBXBuildFile; fileRef = 947D7F772B8D1DEF00E28278 /* FavoritesViewController.swift */; };
		9483E4CE2B7EAC5200571F56 /* HeaderSectionView.swift in Sources */ = {isa = PBXBuildFile; fileRef = 9483E4CD2B7EAC5200571F56 /* HeaderSectionView.swift */; };
		948E3CC82B655EA500CDCEDC /* Ubuntu-Regular.ttf in Resources */ = {isa = PBXBuildFile; fileRef = 948E3CC72B655EA500CDCEDC /* Ubuntu-Regular.ttf */; };
		948F9EAA2B66BCDE007DE318 /* GoogleService-Info.plist in Resources */ = {isa = PBXBuildFile; fileRef = 948F9EA92B66BCDE007DE318 /* GoogleService-Info.plist */; };
		948F9EAB2B66BCDE007DE318 /* GoogleService-Info.plist in Resources */ = {isa = PBXBuildFile; fileRef = 948F9EA92B66BCDE007DE318 /* GoogleService-Info.plist */; };
		948F9EAC2B66BCDE007DE318 /* GoogleService-Info.plist in Resources */ = {isa = PBXBuildFile; fileRef = 948F9EA92B66BCDE007DE318 /* GoogleService-Info.plist */; };
		9496BEA52B5EF67C00180A9C /* PostsListViewModel.swift in Sources */ = {isa = PBXBuildFile; fileRef = 9496BEA42B5EF67C00180A9C /* PostsListViewModel.swift */; };
		9496BEA82B5EFE1000180A9C /* PostsListViewController.swift in Sources */ = {isa = PBXBuildFile; fileRef = 9496BEA62B5EFE1000180A9C /* PostsListViewController.swift */; };
		9496BEC72B5F0D3600180A9C /* CommentsListViewModel.swift in Sources */ = {isa = PBXBuildFile; fileRef = 9496BEC62B5F0D3600180A9C /* CommentsListViewModel.swift */; };
		9496BECA2B5F0D5300180A9C /* CommentsListViewController.swift in Sources */ = {isa = PBXBuildFile; fileRef = 9496BEC82B5F0D5300180A9C /* CommentsListViewController.swift */; };
		94A1B4882B9264E600E7927C /* FontsHalper.swift in Sources */ = {isa = PBXBuildFile; fileRef = 94A1B4872B9264E600E7927C /* FontsHalper.swift */; };
		94A4EE4E2B2B793300ED4F99 /* DataManager.swift in Sources */ = {isa = PBXBuildFile; fileRef = 94A4EE4D2B2B793300ED4F99 /* DataManager.swift */; };
		94A87F6A2B5080D500B71325 /* State.swift in Sources */ = {isa = PBXBuildFile; fileRef = 94A87F692B5080D500B71325 /* State.swift */; };
		94BE1DFF2B62C90C00BD5C96 /* CommentTableViewCell.swift in Sources */ = {isa = PBXBuildFile; fileRef = 94BE1DFE2B62C90C00BD5C96 /* CommentTableViewCell.swift */; };
		94BE1E012B62D7F600BD5C96 /* UIView + Extension.swift in Sources */ = {isa = PBXBuildFile; fileRef = 94BE1E002B62D7F600BD5C96 /* UIView + Extension.swift */; };
		94BE1E032B62FCEA00BD5C96 /* Appearance.swift in Sources */ = {isa = PBXBuildFile; fileRef = 94BE1E022B62FCEA00BD5C96 /* Appearance.swift */; };
		94CB29A82B91261500C87235 /* Big Apple 3PM.ttf in Resources */ = {isa = PBXBuildFile; fileRef = 94CB29A72B91261500C87235 /* Big Apple 3PM.ttf */; };
		94CE3DD12B669A9000F21F0F /* AuthManager.swift in Sources */ = {isa = PBXBuildFile; fileRef = 94CE3DD02B669A9000F21F0F /* AuthManager.swift */; };
		94D4D1162B3CA99100C74D41 /* UsersEditingViewModel.swift in Sources */ = {isa = PBXBuildFile; fileRef = 94D4D1152B3CA99100C74D41 /* UsersEditingViewModel.swift */; };
		94DF74062B75617E00956651 /* FirebaseAuth in Frameworks */ = {isa = PBXBuildFile; productRef = 94DF74052B75617E00956651 /* FirebaseAuth */; };
		94DF74082B75617E00956651 /* FirebaseFirestore in Frameworks */ = {isa = PBXBuildFile; productRef = 94DF74072B75617E00956651 /* FirebaseFirestore */; };
		94DF740F2B756FF000956651 /* WelcomeViewModel.swift in Sources */ = {isa = PBXBuildFile; fileRef = 94DF740E2B756FF000956651 /* WelcomeViewModel.swift */; };
		94DF74122B75701900956651 /* WelcomeViewController.swift in Sources */ = {isa = PBXBuildFile; fileRef = 94DF74102B75701900956651 /* WelcomeViewController.swift */; };
		94DF74132B75701900956651 /* WelcomeViewController.xib in Resources */ = {isa = PBXBuildFile; fileRef = 94DF74112B75701900956651 /* WelcomeViewController.xib */; };
		94DF74152B75704200956651 /* LoginViewModel.swift in Sources */ = {isa = PBXBuildFile; fileRef = 94DF74142B75704200956651 /* LoginViewModel.swift */; };
		94DF74182B75705400956651 /* LoginViewController.swift in Sources */ = {isa = PBXBuildFile; fileRef = 94DF74162B75705400956651 /* LoginViewController.swift */; };
		94DF74192B75705400956651 /* LoginViewController.xib in Resources */ = {isa = PBXBuildFile; fileRef = 94DF74172B75705400956651 /* LoginViewController.xib */; };
		94DF741B2B7571E800956651 /* SignUpViewModel.swift in Sources */ = {isa = PBXBuildFile; fileRef = 94DF741A2B7571E800956651 /* SignUpViewModel.swift */; };
		94DF741E2B7571FF00956651 /* SignUpViewController.swift in Sources */ = {isa = PBXBuildFile; fileRef = 94DF741C2B7571FE00956651 /* SignUpViewController.swift */; };
		94DF741F2B7571FF00956651 /* SignUpViewController.xib in Resources */ = {isa = PBXBuildFile; fileRef = 94DF741D2B7571FF00956651 /* SignUpViewController.xib */; };
		94EC85D72B49BA4200F9BE90 /* Validation.swift in Sources */ = {isa = PBXBuildFile; fileRef = 94EC85D62B49BA4200F9BE90 /* Validation.swift */; };
		94FBDAC02B2F77550094173C /* UsersViewController.xib in Resources */ = {isa = PBXBuildFile; fileRef = 94FBDABF2B2F77550094173C /* UsersViewController.xib */; };
		94FBDAC22B2F99B00094173C /* UsersViewModel.swift in Sources */ = {isa = PBXBuildFile; fileRef = 94FBDAC12B2F99B00094173C /* UsersViewModel.swift */; };
		94FC2D362B79447200874517 /* ProfileFlowCoordinator.swift in Sources */ = {isa = PBXBuildFile; fileRef = 94FC2D352B79447200874517 /* ProfileFlowCoordinator.swift */; };
		94FC2D382B79448F00874517 /* RegFlowCoordinator.swift in Sources */ = {isa = PBXBuildFile; fileRef = 94FC2D372B79448F00874517 /* RegFlowCoordinator.swift */; };
		94FC2D3A2B7944C400874517 /* MainCoordinatorProtocol.swift in Sources */ = {isa = PBXBuildFile; fileRef = 94FC2D392B7944C400874517 /* MainCoordinatorProtocol.swift */; };
/* End PBXBuildFile section */

/* Begin PBXContainerItemProxy section */
		94A6A4622B66E0CC00C61A4E /* PBXContainerItemProxy */ = {
			isa = PBXContainerItemProxy;
			containerPortal = 9472B6172B17DF4900B7620C /* Project object */;
			proxyType = 1;
			remoteGlobalIDString = 9472B61E2B17DF4900B7620C;
			remoteInfo = PetProject;
		};
		94A6A4642B66E0D400C61A4E /* PBXContainerItemProxy */ = {
			isa = PBXContainerItemProxy;
			containerPortal = 9472B6172B17DF4900B7620C /* Project object */;
			proxyType = 1;
			remoteGlobalIDString = 9472B61E2B17DF4900B7620C;
			remoteInfo = PetProject;
		};
/* End PBXContainerItemProxy section */

/* Begin PBXFileReference section */
		94055A442B1F745F0025D012 /* CommentsEntity.swift */ = {isa = PBXFileReference; lastKnownFileType = sourcecode.swift; path = CommentsEntity.swift; sourceTree = "<group>"; };
		94055A462B1F75610025D012 /* PostsEntity.swift */ = {isa = PBXFileReference; lastKnownFileType = sourcecode.swift; path = PostsEntity.swift; sourceTree = "<group>"; };
		94055A482B1F75970025D012 /* UsersEntity.swift */ = {isa = PBXFileReference; lastKnownFileType = sourcecode.swift; path = UsersEntity.swift; sourceTree = "<group>"; };
		940C1A332B619B1D00BD841E /* PostsTableViewCell.swift */ = {isa = PBXFileReference; lastKnownFileType = sourcecode.swift; path = PostsTableViewCell.swift; sourceTree = "<group>"; };
		941566A62B21104C0046598B /* NetworkService.swift */ = {isa = PBXFileReference; lastKnownFileType = sourcecode.swift; path = NetworkService.swift; sourceTree = "<group>"; };
		941890432B34E0B600A92845 /* TableConfig.swift */ = {isa = PBXFileReference; lastKnownFileType = sourcecode.swift; path = TableConfig.swift; sourceTree = "<group>"; };
		941EC7D82B1F85D500A05F4E /* CoreDataStorage.swift */ = {isa = PBXFileReference; lastKnownFileType = sourcecode.swift; path = CoreDataStorage.swift; sourceTree = "<group>"; };
		941EC7DA2B1FB24B00A05F4E /* MainFlowNavigator.swift */ = {isa = PBXFileReference; lastKnownFileType = sourcecode.swift; path = MainFlowNavigator.swift; sourceTree = "<group>"; };
		941EC7DF2B20CBF700A05F4E /* UsersFlowCoordinator.swift */ = {isa = PBXFileReference; lastKnownFileType = sourcecode.swift; path = UsersFlowCoordinator.swift; sourceTree = "<group>"; };
		941EC7E12B20F32900A05F4E /* ScreenBuilder.swift */ = {isa = PBXFileReference; lastKnownFileType = sourcecode.swift; path = ScreenBuilder.swift; sourceTree = "<group>"; };
		94284F372B8C8E0700B369A9 /* UserDefaultStorage.swift */ = {isa = PBXFileReference; lastKnownFileType = sourcecode.swift; name = UserDefaultStorage.swift; path = /Users/sagatelov/Desktop/PetApp/PetProject/PetProject/Services/PersistentStorages/UserDefaultsStorage/UserDefaultStorage.swift; sourceTree = "<absolute>"; };
		94284F392B8C969200B369A9 /* LikeButtonForCell.swift */ = {isa = PBXFileReference; lastKnownFileType = sourcecode.swift; path = LikeButtonForCell.swift; sourceTree = "<group>"; };
		943ABF482B1E5E0B00B5EE1C /* PostsModel.swift */ = {isa = PBXFileReference; lastKnownFileType = sourcecode.swift; path = PostsModel.swift; sourceTree = "<group>"; };
		943ABF4A2B1E5E1C00B5EE1C /* CommentsModel.swift */ = {isa = PBXFileReference; lastKnownFileType = sourcecode.swift; path = CommentsModel.swift; sourceTree = "<group>"; };
		944323712B3CB82A00E45802 /* UserEditViewController.swift */ = {isa = PBXFileReference; lastKnownFileType = sourcecode.swift; path = UserEditViewController.swift; sourceTree = "<group>"; };
		944323722B3CB82A00E45802 /* UserEditViewController.xib */ = {isa = PBXFileReference; lastKnownFileType = file.xib; path = UserEditViewController.xib; sourceTree = "<group>"; };
		945B14572B2A297C00C7532E /* HelpersProtocols.swift */ = {isa = PBXFileReference; lastKnownFileType = sourcecode.swift; path = HelpersProtocols.swift; sourceTree = "<group>"; };
		945F10B92B32267D007AFFF2 /* Observable.swift */ = {isa = PBXFileReference; lastKnownFileType = sourcecode.swift; path = Observable.swift; sourceTree = "<group>"; };
		945F10BB2B332029007AFFF2 /* UserTableViewCell.swift */ = {isa = PBXFileReference; lastKnownFileType = sourcecode.swift; path = UserTableViewCell.swift; sourceTree = "<group>"; };
		945F10BC2B332029007AFFF2 /* UserTableViewCell.xib */ = {isa = PBXFileReference; lastKnownFileType = file.xib; path = UserTableViewCell.xib; sourceTree = "<group>"; };
		946222292B7BC58500E88B8F /* NotificationName + Extension.swift */ = {isa = PBXFileReference; lastKnownFileType = sourcecode.swift; path = "NotificationName + Extension.swift"; sourceTree = "<group>"; };
		9462222E2B7D4A9200E88B8F /* ProfileViewModel.swift */ = {isa = PBXFileReference; lastKnownFileType = sourcecode.swift; path = ProfileViewModel.swift; sourceTree = "<group>"; };
		946222302B7D4AD700E88B8F /* ProfileViewController.swift */ = {isa = PBXFileReference; lastKnownFileType = sourcecode.swift; path = ProfileViewController.swift; sourceTree = "<group>"; };
		946222312B7D4AD700E88B8F /* ProfileViewController.xib */ = {isa = PBXFileReference; lastKnownFileType = file.xib; path = ProfileViewController.xib; sourceTree = "<group>"; };
		946222352B7D4DCD00E88B8F /* SettingsCellModel.swift */ = {isa = PBXFileReference; lastKnownFileType = sourcecode.swift; path = SettingsCellModel.swift; sourceTree = "<group>"; };
		9472B6222B17DF4900B7620C /* AppDelegate.swift */ = {isa = PBXFileReference; lastKnownFileType = sourcecode.swift; path = AppDelegate.swift; sourceTree = "<group>"; };
		9472B6242B17DF4900B7620C /* SceneDelegate.swift */ = {isa = PBXFileReference; lastKnownFileType = sourcecode.swift; path = SceneDelegate.swift; sourceTree = "<group>"; };
		9472B6262B17DF4900B7620C /* UsersViewController.swift */ = {isa = PBXFileReference; lastKnownFileType = sourcecode.swift; path = UsersViewController.swift; sourceTree = "<group>"; };
		9472B62C2B17DF4900B7620C /* PetProject.xcdatamodel */ = {isa = PBXFileReference; lastKnownFileType = wrapper.xcdatamodel; path = PetProject.xcdatamodel; sourceTree = "<group>"; };
		9472B62E2B17DF4B00B7620C /* Assets.xcassets */ = {isa = PBXFileReference; lastKnownFileType = folder.assetcatalog; path = Assets.xcassets; sourceTree = "<group>"; };
		9472B6312B17DF4B00B7620C /* Base */ = {isa = PBXFileReference; lastKnownFileType = file.storyboard; name = Base; path = Base.lproj/LaunchScreen.storyboard; sourceTree = "<group>"; };
		9472B6332B17DF4B00B7620C /* Info.plist */ = {isa = PBXFileReference; lastKnownFileType = text.plist.xml; path = Info.plist; sourceTree = "<group>"; };
		9472B63C2B17DF4B00B7620C /* PetProjectTests.swift */ = {isa = PBXFileReference; lastKnownFileType = sourcecode.swift; path = PetProjectTests.swift; sourceTree = "<group>"; };
		9472B6462B17DF4B00B7620C /* PetProjectUITests.swift */ = {isa = PBXFileReference; lastKnownFileType = sourcecode.swift; path = PetProjectUITests.swift; sourceTree = "<group>"; };
		9472B6482B17DF4B00B7620C /* PetProjectUITestsLaunchTests.swift */ = {isa = PBXFileReference; lastKnownFileType = sourcecode.swift; path = PetProjectUITestsLaunchTests.swift; sourceTree = "<group>"; };
		9472B6632B1B93AA00B7620C /* UsersModel.swift */ = {isa = PBXFileReference; lastKnownFileType = sourcecode.swift; path = UsersModel.swift; sourceTree = "<group>"; };
		947D7F732B8D1D3600E28278 /* FavoritesViewModel.swift */ = {isa = PBXFileReference; lastKnownFileType = sourcecode.swift; path = FavoritesViewModel.swift; sourceTree = "<group>"; };
		947D7F772B8D1DEF00E28278 /* FavoritesViewController.swift */ = {isa = PBXFileReference; lastKnownFileType = sourcecode.swift; path = FavoritesViewController.swift; sourceTree = "<group>"; };
		9483E4CD2B7EAC5200571F56 /* HeaderSectionView.swift */ = {isa = PBXFileReference; lastKnownFileType = sourcecode.swift; path = HeaderSectionView.swift; sourceTree = "<group>"; };
		948E3CC72B655EA500CDCEDC /* Ubuntu-Regular.ttf */ = {isa = PBXFileReference; lastKnownFileType = file; path = "Ubuntu-Regular.ttf"; sourceTree = "<group>"; };
		948F9EA92B66BCDE007DE318 /* GoogleService-Info.plist */ = {isa = PBXFileReference; fileEncoding = 4; lastKnownFileType = text.plist.xml; path = "GoogleService-Info.plist"; sourceTree = "<group>"; };
		9496BEA42B5EF67C00180A9C /* PostsListViewModel.swift */ = {isa = PBXFileReference; lastKnownFileType = sourcecode.swift; path = PostsListViewModel.swift; sourceTree = "<group>"; };
		9496BEA62B5EFE1000180A9C /* PostsListViewController.swift */ = {isa = PBXFileReference; lastKnownFileType = sourcecode.swift; path = PostsListViewController.swift; sourceTree = "<group>"; };
		9496BEC62B5F0D3600180A9C /* CommentsListViewModel.swift */ = {isa = PBXFileReference; lastKnownFileType = sourcecode.swift; path = CommentsListViewModel.swift; sourceTree = "<group>"; };
		9496BEC82B5F0D5300180A9C /* CommentsListViewController.swift */ = {isa = PBXFileReference; lastKnownFileType = sourcecode.swift; path = CommentsListViewController.swift; sourceTree = "<group>"; };
		94A1B4872B9264E600E7927C /* FontsHalper.swift */ = {isa = PBXFileReference; lastKnownFileType = sourcecode.swift; path = FontsHalper.swift; sourceTree = "<group>"; };
		94A4EE4D2B2B793300ED4F99 /* DataManager.swift */ = {isa = PBXFileReference; lastKnownFileType = sourcecode.swift; path = DataManager.swift; sourceTree = "<group>"; };
		94A87F692B5080D500B71325 /* State.swift */ = {isa = PBXFileReference; lastKnownFileType = sourcecode.swift; path = State.swift; sourceTree = "<group>"; };
		94BE1DFE2B62C90C00BD5C96 /* CommentTableViewCell.swift */ = {isa = PBXFileReference; lastKnownFileType = sourcecode.swift; path = CommentTableViewCell.swift; sourceTree = "<group>"; };
		94BE1E002B62D7F600BD5C96 /* UIView + Extension.swift */ = {isa = PBXFileReference; lastKnownFileType = sourcecode.swift; path = "UIView + Extension.swift"; sourceTree = "<group>"; };
		94BE1E022B62FCEA00BD5C96 /* Appearance.swift */ = {isa = PBXFileReference; lastKnownFileType = sourcecode.swift; path = Appearance.swift; sourceTree = "<group>"; };
		94CB29A72B91261500C87235 /* Big Apple 3PM.ttf */ = {isa = PBXFileReference; lastKnownFileType = file; path = "Big Apple 3PM.ttf"; sourceTree = "<group>"; };
		94CE3DD02B669A9000F21F0F /* AuthManager.swift */ = {isa = PBXFileReference; lastKnownFileType = sourcecode.swift; path = AuthManager.swift; sourceTree = "<group>"; };
		94D4D1152B3CA99100C74D41 /* UsersEditingViewModel.swift */ = {isa = PBXFileReference; lastKnownFileType = sourcecode.swift; path = UsersEditingViewModel.swift; sourceTree = "<group>"; };
		94DF740E2B756FF000956651 /* WelcomeViewModel.swift */ = {isa = PBXFileReference; lastKnownFileType = sourcecode.swift; path = WelcomeViewModel.swift; sourceTree = "<group>"; };
		94DF74102B75701900956651 /* WelcomeViewController.swift */ = {isa = PBXFileReference; lastKnownFileType = sourcecode.swift; path = WelcomeViewController.swift; sourceTree = "<group>"; };
		94DF74112B75701900956651 /* WelcomeViewController.xib */ = {isa = PBXFileReference; lastKnownFileType = file.xib; path = WelcomeViewController.xib; sourceTree = "<group>"; };
		94DF74142B75704200956651 /* LoginViewModel.swift */ = {isa = PBXFileReference; lastKnownFileType = sourcecode.swift; path = LoginViewModel.swift; sourceTree = "<group>"; };
		94DF74162B75705400956651 /* LoginViewController.swift */ = {isa = PBXFileReference; lastKnownFileType = sourcecode.swift; path = LoginViewController.swift; sourceTree = "<group>"; };
		94DF74172B75705400956651 /* LoginViewController.xib */ = {isa = PBXFileReference; lastKnownFileType = file.xib; path = LoginViewController.xib; sourceTree = "<group>"; };
		94DF741A2B7571E800956651 /* SignUpViewModel.swift */ = {isa = PBXFileReference; lastKnownFileType = sourcecode.swift; path = SignUpViewModel.swift; sourceTree = "<group>"; };
		94DF741C2B7571FE00956651 /* SignUpViewController.swift */ = {isa = PBXFileReference; lastKnownFileType = sourcecode.swift; path = SignUpViewController.swift; sourceTree = "<group>"; };
		94DF741D2B7571FF00956651 /* SignUpViewController.xib */ = {isa = PBXFileReference; lastKnownFileType = file.xib; path = SignUpViewController.xib; sourceTree = "<group>"; };
		94EC85D62B49BA4200F9BE90 /* Validation.swift */ = {isa = PBXFileReference; lastKnownFileType = sourcecode.swift; path = Validation.swift; sourceTree = "<group>"; };
		94FBDABF2B2F77550094173C /* UsersViewController.xib */ = {isa = PBXFileReference; lastKnownFileType = file.xib; path = UsersViewController.xib; sourceTree = "<group>"; };
		94FBDAC12B2F99B00094173C /* UsersViewModel.swift */ = {isa = PBXFileReference; lastKnownFileType = sourcecode.swift; path = UsersViewModel.swift; sourceTree = "<group>"; };
		94FC2D352B79447200874517 /* ProfileFlowCoordinator.swift */ = {isa = PBXFileReference; lastKnownFileType = sourcecode.swift; path = ProfileFlowCoordinator.swift; sourceTree = "<group>"; };
		94FC2D372B79448F00874517 /* RegFlowCoordinator.swift */ = {isa = PBXFileReference; lastKnownFileType = sourcecode.swift; path = RegFlowCoordinator.swift; sourceTree = "<group>"; };
		94FC2D392B7944C400874517 /* MainCoordinatorProtocol.swift */ = {isa = PBXFileReference; lastKnownFileType = sourcecode.swift; path = MainCoordinatorProtocol.swift; sourceTree = "<group>"; };
/* End PBXFileReference section */

/* Begin PBXFrameworksBuildPhase section */
		9472B61C2B17DF4900B7620C /* Frameworks */ = {
			isa = PBXFrameworksBuildPhase;
			buildActionMask = 2147483647;
			files = (
				94DF74062B75617E00956651 /* FirebaseAuth in Frameworks */,
				94DF74082B75617E00956651 /* FirebaseFirestore in Frameworks */,
			);
			runOnlyForDeploymentPostprocessing = 0;
		};
		9472B6352B17DF4B00B7620C /* Frameworks */ = {
			isa = PBXFrameworksBuildPhase;
			buildActionMask = 2147483647;
			files = (
			);
			runOnlyForDeploymentPostprocessing = 0;
		};
		9472B63F2B17DF4B00B7620C /* Frameworks */ = {
			isa = PBXFrameworksBuildPhase;
			buildActionMask = 2147483647;
			files = (
			);
			runOnlyForDeploymentPostprocessing = 0;
		};
/* End PBXFrameworksBuildPhase section */

/* Begin PBXGroup section */
		94055A432B1F742D0025D012 /* Entitites */ = {
			isa = PBXGroup;
			children = (
				94055A482B1F75970025D012 /* UsersEntity.swift */,
				94055A462B1F75610025D012 /* PostsEntity.swift */,
				94055A442B1F745F0025D012 /* CommentsEntity.swift */,
				945B14572B2A297C00C7532E /* HelpersProtocols.swift */,
			);
			path = Entitites;
			sourceTree = "<group>";
		};
		941890422B34DFEA00A92845 /* Protocols */ = {
			isa = PBXGroup;
			children = (
				941890432B34E0B600A92845 /* TableConfig.swift */,
			);
			path = Protocols;
			sourceTree = "<group>";
		};
		941EC7DE2B20CB8F00A05F4E /* Flows */ = {
			isa = PBXGroup;
			children = (
				941EC7E12B20F32900A05F4E /* ScreenBuilder.swift */,
				941EC7DF2B20CBF700A05F4E /* UsersFlowCoordinator.swift */,
				94FC2D352B79447200874517 /* ProfileFlowCoordinator.swift */,
				94FC2D372B79448F00874517 /* RegFlowCoordinator.swift */,
				94FC2D392B7944C400874517 /* MainCoordinatorProtocol.swift */,
			);
			path = Flows;
			sourceTree = "<group>";
		};
		94284F352B8C8D4E00B369A9 /* CoreDataStorage */ = {
			isa = PBXGroup;
			children = (
				941EC7D82B1F85D500A05F4E /* CoreDataStorage.swift */,
				94055A432B1F742D0025D012 /* Entitites */,
				9472B62B2B17DF4900B7620C /* PetProject.xcdatamodeld */,
			);
			path = CoreDataStorage;
			sourceTree = "<group>";
		};
		94284F362B8C8D7000B369A9 /* UserDefaultsStorage */ = {
			isa = PBXGroup;
			children = (
				94284F372B8C8E0700B369A9 /* UserDefaultStorage.swift */,
			);
			path = UserDefaultsStorage;
			sourceTree = "<group>";
		};
		9443236F2B3CADA900E45802 /* ViewModel */ = {
			isa = PBXGroup;
			children = (
				94D4D1152B3CA99100C74D41 /* UsersEditingViewModel.swift */,
			);
			path = ViewModel;
			sourceTree = "<group>";
		};
		944323702B3CADBE00E45802 /* View */ = {
			isa = PBXGroup;
			children = (
				944323712B3CB82A00E45802 /* UserEditViewController.swift */,
				944323722B3CB82A00E45802 /* UserEditViewController.xib */,
			);
			path = View;
			sourceTree = "<group>";
		};
		945F10B82B3225BC007AFFF2 /* Utils */ = {
			isa = PBXGroup;
			children = (
				945F10B92B32267D007AFFF2 /* Observable.swift */,
				94EC85D62B49BA4200F9BE90 /* Validation.swift */,
				94A87F692B5080D500B71325 /* State.swift */,
				94BE1E022B62FCEA00BD5C96 /* Appearance.swift */,
				94BE1E002B62D7F600BD5C96 /* UIView + Extension.swift */,
				946222292B7BC58500E88B8F /* NotificationName + Extension.swift */,
				94B5ED202B8FCEC60032E2DC /* CustomViews */,
				948E3CC62B64754E00CDCEDC /* Fonts */,
				941890422B34DFEA00A92845 /* Protocols */,
			);
			path = Utils;
			sourceTree = "<group>";
		};
		9462222B2B7D371800E88B8F /* ProfileScreen */ = {
			isa = PBXGroup;
			children = (
				946222342B7D4D9E00E88B8F /* Model */,
				9462222D2B7D3FCB00E88B8F /* ViewModel */,
				9462222C2B7D3FBD00E88B8F /* View */,
			);
			path = ProfileScreen;
			sourceTree = "<group>";
		};
		9462222C2B7D3FBD00E88B8F /* View */ = {
			isa = PBXGroup;
			children = (
				946222302B7D4AD700E88B8F /* ProfileViewController.swift */,
				9483E4CD2B7EAC5200571F56 /* HeaderSectionView.swift */,
				946222312B7D4AD700E88B8F /* ProfileViewController.xib */,
			);
			path = View;
			sourceTree = "<group>";
		};
		9462222D2B7D3FCB00E88B8F /* ViewModel */ = {
			isa = PBXGroup;
			children = (
				9462222E2B7D4A9200E88B8F /* ProfileViewModel.swift */,
			);
			path = ViewModel;
			sourceTree = "<group>";
		};
		946222342B7D4D9E00E88B8F /* Model */ = {
			isa = PBXGroup;
			children = (
				946222352B7D4DCD00E88B8F /* SettingsCellModel.swift */,
			);
			path = Model;
			sourceTree = "<group>";
		};
		9472B6162B17DF4900B7620C = {
			isa = PBXGroup;
			children = (
				9472B6212B17DF4900B7620C /* PetProject */,
				9472B63B2B17DF4B00B7620C /* PetProjectTests */,
				9472B6452B17DF4B00B7620C /* PetProjectUITests */,
			);
			sourceTree = "<group>";
		};
		9472B6212B17DF4900B7620C /* PetProject */ = {
			isa = PBXGroup;
			children = (
				9472B65B2B191B6C00B7620C /* Application */,
				9472B65D2B1922A400B7620C /* Services */,
				9472B65C2B19223500B7620C /* Presentation */,
				9472B6572B190E3900B7620C /* Resurses */,
			);
			path = PetProject;
			sourceTree = "<group>";
		};
		9472B63B2B17DF4B00B7620C /* PetProjectTests */ = {
			isa = PBXGroup;
			children = (
				9472B63C2B17DF4B00B7620C /* PetProjectTests.swift */,
			);
			path = PetProjectTests;
			sourceTree = "<group>";
		};
		9472B6452B17DF4B00B7620C /* PetProjectUITests */ = {
			isa = PBXGroup;
			children = (
				9472B6462B17DF4B00B7620C /* PetProjectUITests.swift */,
				9472B6482B17DF4B00B7620C /* PetProjectUITestsLaunchTests.swift */,
			);
			path = PetProjectUITests;
			sourceTree = "<group>";
		};
		9472B6552B190B5900B7620C /* View */ = {
			isa = PBXGroup;
			children = (
				9472B6262B17DF4900B7620C /* UsersViewController.swift */,
				94FBDABF2B2F77550094173C /* UsersViewController.xib */,
				945F10BB2B332029007AFFF2 /* UserTableViewCell.swift */,
				945F10BC2B332029007AFFF2 /* UserTableViewCell.xib */,
			);
			path = View;
			sourceTree = "<group>";
		};
		9472B6572B190E3900B7620C /* Resurses */ = {
			isa = PBXGroup;
			children = (
				948F9EA92B66BCDE007DE318 /* GoogleService-Info.plist */,
				9472B62E2B17DF4B00B7620C /* Assets.xcassets */,
				9472B6332B17DF4B00B7620C /* Info.plist */,
				9472B6302B17DF4B00B7620C /* LaunchScreen.storyboard */,
			);
			path = Resurses;
			sourceTree = "<group>";
		};
		9472B6582B191A1300B7620C /* ViewModel */ = {
			isa = PBXGroup;
			children = (
				94FBDAC12B2F99B00094173C /* UsersViewModel.swift */,
			);
			path = ViewModel;
			sourceTree = "<group>";
		};
		9472B6592B191A4000B7620C /* Model */ = {
			isa = PBXGroup;
			children = (
				9472B6632B1B93AA00B7620C /* UsersModel.swift */,
				943ABF482B1E5E0B00B5EE1C /* PostsModel.swift */,
				943ABF4A2B1E5E1C00B5EE1C /* CommentsModel.swift */,
			);
			path = Model;
			sourceTree = "<group>";
		};
		9472B65A2B191A5700B7620C /* UsersList */ = {
			isa = PBXGroup;
			children = (
				9472B6582B191A1300B7620C /* ViewModel */,
				9472B6552B190B5900B7620C /* View */,
			);
			path = UsersList;
			sourceTree = "<group>";
		};
		9472B65B2B191B6C00B7620C /* Application */ = {
			isa = PBXGroup;
			children = (
				9472B6222B17DF4900B7620C /* AppDelegate.swift */,
				9472B6242B17DF4900B7620C /* SceneDelegate.swift */,
				941EC7DA2B1FB24B00A05F4E /* MainFlowNavigator.swift */,
			);
			path = Application;
			sourceTree = "<group>";
		};
		9472B65C2B19223500B7620C /* Presentation */ = {
			isa = PBXGroup;
			children = (
				941EC7DE2B20CB8F00A05F4E /* Flows */,
				9472B6592B191A4000B7620C /* Model */,
				94CE3DC82B66924E00F21F0F /* WelcomeScreen */,
				94DF740B2B756EE100956651 /* LoginScreen */,
				949F73092B66D56700155641 /* SignUpScreen */,
				9462222B2B7D371800E88B8F /* ProfileScreen */,
				947D7F702B8D1C4E00E28278 /* FavoritesList */,
				9472B65A2B191A5700B7620C /* UsersList */,
				9496BEA12B5EF60500180A9C /* PostsList */,
				9496BEBD2B5F0C5500180A9C /* CommentsList */,
				94FBDAC32B2F9A3F0094173C /* UserEdit */,
				945F10B82B3225BC007AFFF2 /* Utils */,
			);
			path = Presentation;
			sourceTree = "<group>";
		};
		9472B65D2B1922A400B7620C /* Services */ = {
			isa = PBXGroup;
			children = (
				94CE3DCF2B669A6100F21F0F /* AuthManager */,
				94A4EE4F2B2B7A3D00ED4F99 /* Data */,
				9472B6602B1923B500B7620C /* Network */,
				9472B65E2B19230200B7620C /* PersistentStorages */,
			);
			path = Services;
			sourceTree = "<group>";
		};
		9472B65E2B19230200B7620C /* PersistentStorages */ = {
			isa = PBXGroup;
			children = (
				94284F362B8C8D7000B369A9 /* UserDefaultsStorage */,
				94284F352B8C8D4E00B369A9 /* CoreDataStorage */,
			);
			path = PersistentStorages;
			sourceTree = "<group>";
		};
		9472B6602B1923B500B7620C /* Network */ = {
			isa = PBXGroup;
			children = (
				941566A62B21104C0046598B /* NetworkService.swift */,
			);
			path = Network;
			sourceTree = "<group>";
		};
		947D7F702B8D1C4E00E28278 /* FavoritesList */ = {
			isa = PBXGroup;
			children = (
				947D7F722B8D1CAD00E28278 /* ViewModel */,
				947D7F712B8D1CA600E28278 /* View */,
			);
			path = FavoritesList;
			sourceTree = "<group>";
		};
		947D7F712B8D1CA600E28278 /* View */ = {
			isa = PBXGroup;
			children = (
				947D7F772B8D1DEF00E28278 /* FavoritesViewController.swift */,
			);
			path = View;
			sourceTree = "<group>";
		};
		947D7F722B8D1CAD00E28278 /* ViewModel */ = {
			isa = PBXGroup;
			children = (
				947D7F732B8D1D3600E28278 /* FavoritesViewModel.swift */,
			);
			path = ViewModel;
			sourceTree = "<group>";
		};
		948E3CC62B64754E00CDCEDC /* Fonts */ = {
			isa = PBXGroup;
			children = (
				948E3CC72B655EA500CDCEDC /* Ubuntu-Regular.ttf */,
				94CB29A72B91261500C87235 /* Big Apple 3PM.ttf */,
				94A1B4872B9264E600E7927C /* FontsHalper.swift */,
			);
			path = Fonts;
			sourceTree = "<group>";
		};
		9496BEA12B5EF60500180A9C /* PostsList */ = {
			isa = PBXGroup;
			children = (
				9496BEA22B5EF63D00180A9C /* ViewModel */,
				9496BEA32B5EF65000180A9C /* View */,
			);
			path = PostsList;
			sourceTree = "<group>";
		};
		9496BEA22B5EF63D00180A9C /* ViewModel */ = {
			isa = PBXGroup;
			children = (
				9496BEA42B5EF67C00180A9C /* PostsListViewModel.swift */,
			);
			path = ViewModel;
			sourceTree = "<group>";
		};
		9496BEA32B5EF65000180A9C /* View */ = {
			isa = PBXGroup;
			children = (
				9496BEA62B5EFE1000180A9C /* PostsListViewController.swift */,
				940C1A332B619B1D00BD841E /* PostsTableViewCell.swift */,
			);
			path = View;
			sourceTree = "<group>";
		};
		9496BEBD2B5F0C5500180A9C /* CommentsList */ = {
			isa = PBXGroup;
			children = (
				9496BEC12B5F0CCC00180A9C /* ViewModel */,
				9496BEC02B5F0CC200180A9C /* View */,
			);
			path = CommentsList;
			sourceTree = "<group>";
		};
		9496BEC02B5F0CC200180A9C /* View */ = {
			isa = PBXGroup;
			children = (
				9496BEC82B5F0D5300180A9C /* CommentsListViewController.swift */,
				94BE1DFE2B62C90C00BD5C96 /* CommentTableViewCell.swift */,
			);
			path = View;
			sourceTree = "<group>";
		};
		9496BEC12B5F0CCC00180A9C /* ViewModel */ = {
			isa = PBXGroup;
			children = (
				9496BEC62B5F0D3600180A9C /* CommentsListViewModel.swift */,
			);
			path = ViewModel;
			sourceTree = "<group>";
		};
		949F73092B66D56700155641 /* SignUpScreen */ = {
			isa = PBXGroup;
			children = (
				94DF74092B7569E300956651 /* ViewModel */,
				94DF740A2B756AFD00956651 /* View */,
			);
			path = SignUpScreen;
			sourceTree = "<group>";
		};
		94A4EE4F2B2B7A3D00ED4F99 /* Data */ = {
			isa = PBXGroup;
			children = (
				94A4EE4D2B2B793300ED4F99 /* DataManager.swift */,
			);
			path = Data;
			sourceTree = "<group>";
		};
		94B5ED202B8FCEC60032E2DC /* CustomViews */ = {
			isa = PBXGroup;
			children = (
				94284F392B8C969200B369A9 /* LikeButtonForCell.swift */,
			);
			path = CustomViews;
			sourceTree = "<group>";
		};
		94CE3DC82B66924E00F21F0F /* WelcomeScreen */ = {
			isa = PBXGroup;
			children = (
				94CE3DCA2B6697C700F21F0F /* ViewModel */,
				94CE3DC92B6697BE00F21F0F /* View */,
			);
			path = WelcomeScreen;
			sourceTree = "<group>";
		};
		94CE3DC92B6697BE00F21F0F /* View */ = {
			isa = PBXGroup;
			children = (
				94DF74102B75701900956651 /* WelcomeViewController.swift */,
				94DF74112B75701900956651 /* WelcomeViewController.xib */,
			);
			path = View;
			sourceTree = "<group>";
		};
		94CE3DCA2B6697C700F21F0F /* ViewModel */ = {
			isa = PBXGroup;
			children = (
				94DF740E2B756FF000956651 /* WelcomeViewModel.swift */,
			);
			path = ViewModel;
			sourceTree = "<group>";
		};
		94CE3DCF2B669A6100F21F0F /* AuthManager */ = {
			isa = PBXGroup;
			children = (
				94CE3DD02B669A9000F21F0F /* AuthManager.swift */,
			);
			path = AuthManager;
			sourceTree = "<group>";
		};
		94DF74092B7569E300956651 /* ViewModel */ = {
			isa = PBXGroup;
			children = (
				94DF741A2B7571E800956651 /* SignUpViewModel.swift */,
			);
			path = ViewModel;
			sourceTree = "<group>";
		};
		94DF740A2B756AFD00956651 /* View */ = {
			isa = PBXGroup;
			children = (
				94DF741C2B7571FE00956651 /* SignUpViewController.swift */,
				94DF741D2B7571FF00956651 /* SignUpViewController.xib */,
			);
			path = View;
			sourceTree = "<group>";
		};
		94DF740B2B756EE100956651 /* LoginScreen */ = {
			isa = PBXGroup;
			children = (
				94DF740C2B756EF900956651 /* ViewModel */,
				94DF740D2B756F1A00956651 /* View */,
			);
			path = LoginScreen;
			sourceTree = "<group>";
		};
		94DF740C2B756EF900956651 /* ViewModel */ = {
			isa = PBXGroup;
			children = (
				94DF74142B75704200956651 /* LoginViewModel.swift */,
			);
			path = ViewModel;
			sourceTree = "<group>";
		};
		94DF740D2B756F1A00956651 /* View */ = {
			isa = PBXGroup;
			children = (
				94DF74162B75705400956651 /* LoginViewController.swift */,
				94DF74172B75705400956651 /* LoginViewController.xib */,
			);
			path = View;
			sourceTree = "<group>";
		};
		94FBDAC32B2F9A3F0094173C /* UserEdit */ = {
			isa = PBXGroup;
			children = (
				9443236F2B3CADA900E45802 /* ViewModel */,
				944323702B3CADBE00E45802 /* View */,
			);
			path = UserEdit;
			sourceTree = "<group>";
		};
/* End PBXGroup section */

/* Begin PBXNativeTarget section */
		9472B61E2B17DF4900B7620C /* PetProject */ = {
			isa = PBXNativeTarget;
			buildConfigurationList = 9472B64C2B17DF4B00B7620C /* Build configuration list for PBXNativeTarget "PetProject" */;
			buildPhases = (
				9472B61B2B17DF4900B7620C /* Sources */,
				9472B61C2B17DF4900B7620C /* Frameworks */,
				9472B61D2B17DF4900B7620C /* Resources */,
			);
			buildRules = (
			);
			dependencies = (
			);
			name = PetProject;
			packageProductDependencies = (
				94DF74052B75617E00956651 /* FirebaseAuth */,
				94DF74072B75617E00956651 /* FirebaseFirestore */,
			);
			productName = PetProject;
			productType = "com.apple.product-type.application";
		};
		9472B6372B17DF4B00B7620C /* PetProjectTests */ = {
			isa = PBXNativeTarget;
			buildConfigurationList = 9472B64F2B17DF4B00B7620C /* Build configuration list for PBXNativeTarget "PetProjectTests" */;
			buildPhases = (
				9472B6342B17DF4B00B7620C /* Sources */,
				9472B6352B17DF4B00B7620C /* Frameworks */,
				9472B6362B17DF4B00B7620C /* Resources */,
			);
			buildRules = (
			);
			dependencies = (
				94A6A4632B66E0CC00C61A4E /* PBXTargetDependency */,
			);
			name = PetProjectTests;
			productName = PetProjectTests;
			productType = "com.apple.product-type.bundle.unit-test";
		};
		9472B6412B17DF4B00B7620C /* PetProjectUITests */ = {
			isa = PBXNativeTarget;
			buildConfigurationList = 9472B6522B17DF4B00B7620C /* Build configuration list for PBXNativeTarget "PetProjectUITests" */;
			buildPhases = (
				9472B63E2B17DF4B00B7620C /* Sources */,
				9472B63F2B17DF4B00B7620C /* Frameworks */,
				9472B6402B17DF4B00B7620C /* Resources */,
			);
			buildRules = (
			);
			dependencies = (
				94A6A4652B66E0D400C61A4E /* PBXTargetDependency */,
			);
			name = PetProjectUITests;
			productName = PetProjectUITests;
			productType = "com.apple.product-type.bundle.ui-testing";
		};
/* End PBXNativeTarget section */

/* Begin PBXProject section */
		9472B6172B17DF4900B7620C /* Project object */ = {
			isa = PBXProject;
			attributes = {
				BuildIndependentTargetsInParallel = 1;
				LastSwiftUpdateCheck = 1500;
				LastUpgradeCheck = 1500;
				TargetAttributes = {
					9472B61E2B17DF4900B7620C = {
						CreatedOnToolsVersion = 15.0;
					};
					9472B6372B17DF4B00B7620C = {
						CreatedOnToolsVersion = 15.0;
						TestTargetID = 9472B61E2B17DF4900B7620C;
					};
					9472B6412B17DF4B00B7620C = {
						CreatedOnToolsVersion = 15.0;
						TestTargetID = 9472B61E2B17DF4900B7620C;
					};
				};
			};
			buildConfigurationList = 9472B61A2B17DF4900B7620C /* Build configuration list for PBXProject "PetProject" */;
			compatibilityVersion = "Xcode 14.0";
			developmentRegion = en;
			hasScannedForEncodings = 0;
			knownRegions = (
				en,
				Base,
			);
			mainGroup = 9472B6162B17DF4900B7620C;
			packageReferences = (
				94DF74042B75617D00956651 /* XCRemoteSwiftPackageReference "firebase-ios-sdk" */,
			);
			productRefGroup = 9472B6162B17DF4900B7620C;
			projectDirPath = "";
			projectRoot = "";
			targets = (
				9472B61E2B17DF4900B7620C /* PetProject */,
				9472B6372B17DF4B00B7620C /* PetProjectTests */,
				9472B6412B17DF4B00B7620C /* PetProjectUITests */,
			);
		};
/* End PBXProject section */

/* Begin PBXResourcesBuildPhase section */
		9472B61D2B17DF4900B7620C /* Resources */ = {
			isa = PBXResourcesBuildPhase;
			buildActionMask = 2147483647;
			files = (
				945F10BE2B332029007AFFF2 /* UserTableViewCell.xib in Resources */,
				94DF74132B75701900956651 /* WelcomeViewController.xib in Resources */,
				946222332B7D4AD700E88B8F /* ProfileViewController.xib in Resources */,
				9472B6322B17DF4B00B7620C /* LaunchScreen.storyboard in Resources */,
				944323742B3CB82A00E45802 /* UserEditViewController.xib in Resources */,
				94FBDAC02B2F77550094173C /* UsersViewController.xib in Resources */,
				94CB29A82B91261500C87235 /* Big Apple 3PM.ttf in Resources */,
				94DF74192B75705400956651 /* LoginViewController.xib in Resources */,
				9472B62F2B17DF4B00B7620C /* Assets.xcassets in Resources */,
				948E3CC82B655EA500CDCEDC /* Ubuntu-Regular.ttf in Resources */,
				94DF741F2B7571FF00956651 /* SignUpViewController.xib in Resources */,
				948F9EAA2B66BCDE007DE318 /* GoogleService-Info.plist in Resources */,
			);
			runOnlyForDeploymentPostprocessing = 0;
		};
		9472B6362B17DF4B00B7620C /* Resources */ = {
			isa = PBXResourcesBuildPhase;
			buildActionMask = 2147483647;
			files = (
				948F9EAB2B66BCDE007DE318 /* GoogleService-Info.plist in Resources */,
			);
			runOnlyForDeploymentPostprocessing = 0;
		};
		9472B6402B17DF4B00B7620C /* Resources */ = {
			isa = PBXResourcesBuildPhase;
			buildActionMask = 2147483647;
			files = (
				948F9EAC2B66BCDE007DE318 /* GoogleService-Info.plist in Resources */,
			);
			runOnlyForDeploymentPostprocessing = 0;
		};
/* End PBXResourcesBuildPhase section */

/* Begin PBXSourcesBuildPhase section */
		9472B61B2B17DF4900B7620C /* Sources */ = {
			isa = PBXSourcesBuildPhase;
			buildActionMask = 2147483647;
			files = (
				945F10BA2B32267D007AFFF2 /* Observable.swift in Sources */,
				94DF740F2B756FF000956651 /* WelcomeViewModel.swift in Sources */,
				94CE3DD12B669A9000F21F0F /* AuthManager.swift in Sources */,
				9462222A2B7BC58500E88B8F /* NotificationName + Extension.swift in Sources */,
				9472B6642B1B93AA00B7620C /* UsersModel.swift in Sources */,
				94DF741E2B7571FF00956651 /* SignUpViewController.swift in Sources */,
				94D4D1162B3CA99100C74D41 /* UsersEditingViewModel.swift in Sources */,
				94DF74122B75701900956651 /* WelcomeViewController.swift in Sources */,
				94284F3A2B8C969200B369A9 /* LikeButtonForCell.swift in Sources */,
				94FC2D362B79447200874517 /* ProfileFlowCoordinator.swift in Sources */,
				941EC7E02B20CBF700A05F4E /* UsersFlowCoordinator.swift in Sources */,
				940C1A342B619B1D00BD841E /* PostsTableViewCell.swift in Sources */,
				94055A492B1F75970025D012 /* UsersEntity.swift in Sources */,
				945F10BD2B332029007AFFF2 /* UserTableViewCell.swift in Sources */,
				94055A472B1F75610025D012 /* PostsEntity.swift in Sources */,
				94DF74182B75705400956651 /* LoginViewController.swift in Sources */,
				941890442B34E0B600A92845 /* TableConfig.swift in Sources */,
				94FC2D3A2B7944C400874517 /* MainCoordinatorProtocol.swift in Sources */,
				9472B6272B17DF4900B7620C /* UsersViewController.swift in Sources */,
				94A4EE4E2B2B793300ED4F99 /* DataManager.swift in Sources */,
				947D7F742B8D1D3600E28278 /* FavoritesViewModel.swift in Sources */,
				94BE1E012B62D7F600BD5C96 /* UIView + Extension.swift in Sources */,
				9472B6232B17DF4900B7620C /* AppDelegate.swift in Sources */,
				94BE1E032B62FCEA00BD5C96 /* Appearance.swift in Sources */,
				94A1B4882B9264E600E7927C /* FontsHalper.swift in Sources */,
				9496BECA2B5F0D5300180A9C /* CommentsListViewController.swift in Sources */,
				944323732B3CB82A00E45802 /* UserEditViewController.swift in Sources */,
				94FBDAC22B2F99B00094173C /* UsersViewModel.swift in Sources */,
				9472B6252B17DF4900B7620C /* SceneDelegate.swift in Sources */,
				94DF741B2B7571E800956651 /* SignUpViewModel.swift in Sources */,
				941EC7E22B20F32900A05F4E /* ScreenBuilder.swift in Sources */,
				94DF74152B75704200956651 /* LoginViewModel.swift in Sources */,
				9462222F2B7D4A9200E88B8F /* ProfileViewModel.swift in Sources */,
				9496BEA52B5EF67C00180A9C /* PostsListViewModel.swift in Sources */,
				946222362B7D4DCD00E88B8F /* SettingsCellModel.swift in Sources */,
				946222322B7D4AD700E88B8F /* ProfileViewController.swift in Sources */,
				94055A452B1F745F0025D012 /* CommentsEntity.swift in Sources */,
				94BE1DFF2B62C90C00BD5C96 /* CommentTableViewCell.swift in Sources */,
				9496BEA82B5EFE1000180A9C /* PostsListViewController.swift in Sources */,
				94FC2D382B79448F00874517 /* RegFlowCoordinator.swift in Sources */,
				94284F382B8C8E0700B369A9 /* UserDefaultStorage.swift in Sources */,
				945B14582B2A297C00C7532E /* HelpersProtocols.swift in Sources */,
				941EC7D92B1F85D500A05F4E /* CoreDataStorage.swift in Sources */,
				941566A72B21104C0046598B /* NetworkService.swift in Sources */,
				9496BEC72B5F0D3600180A9C /* CommentsListViewModel.swift in Sources */,
				9472B62D2B17DF4900B7620C /* PetProject.xcdatamodeld in Sources */,
				94EC85D72B49BA4200F9BE90 /* Validation.swift in Sources */,
				943ABF4B2B1E5E1C00B5EE1C /* CommentsModel.swift in Sources */,
				941EC7DB2B1FB24B00A05F4E /* MainFlowNavigator.swift in Sources */,
				94A87F6A2B5080D500B71325 /* State.swift in Sources */,
				943ABF492B1E5E0B00B5EE1C /* PostsModel.swift in Sources */,
				9483E4CE2B7EAC5200571F56 /* HeaderSectionView.swift in Sources */,
				947D7F782B8D1DEF00E28278 /* FavoritesViewController.swift in Sources */,
			);
			runOnlyForDeploymentPostprocessing = 0;
		};
		9472B6342B17DF4B00B7620C /* Sources */ = {
			isa = PBXSourcesBuildPhase;
			buildActionMask = 2147483647;
			files = (
				9472B63D2B17DF4B00B7620C /* PetProjectTests.swift in Sources */,
			);
			runOnlyForDeploymentPostprocessing = 0;
		};
		9472B63E2B17DF4B00B7620C /* Sources */ = {
			isa = PBXSourcesBuildPhase;
			buildActionMask = 2147483647;
			files = (
				9472B6492B17DF4B00B7620C /* PetProjectUITestsLaunchTests.swift in Sources */,
				9472B6472B17DF4B00B7620C /* PetProjectUITests.swift in Sources */,
			);
			runOnlyForDeploymentPostprocessing = 0;
		};
/* End PBXSourcesBuildPhase section */

/* Begin PBXTargetDependency section */
		94A6A4632B66E0CC00C61A4E /* PBXTargetDependency */ = {
			isa = PBXTargetDependency;
			target = 9472B61E2B17DF4900B7620C /* PetProject */;
			targetProxy = 94A6A4622B66E0CC00C61A4E /* PBXContainerItemProxy */;
		};
		94A6A4652B66E0D400C61A4E /* PBXTargetDependency */ = {
			isa = PBXTargetDependency;
			target = 9472B61E2B17DF4900B7620C /* PetProject */;
			targetProxy = 94A6A4642B66E0D400C61A4E /* PBXContainerItemProxy */;
		};
/* End PBXTargetDependency section */

/* Begin PBXVariantGroup section */
		9472B6302B17DF4B00B7620C /* LaunchScreen.storyboard */ = {
			isa = PBXVariantGroup;
			children = (
				9472B6312B17DF4B00B7620C /* Base */,
			);
			name = LaunchScreen.storyboard;
			sourceTree = "<group>";
		};
/* End PBXVariantGroup section */

/* Begin XCBuildConfiguration section */
		9472B64A2B17DF4B00B7620C /* Debug */ = {
			isa = XCBuildConfiguration;
			buildSettings = {
				ALWAYS_SEARCH_USER_PATHS = NO;
				ASSETCATALOG_COMPILER_GENERATE_SWIFT_ASSET_SYMBOL_EXTENSIONS = YES;
				CLANG_ANALYZER_NONNULL = YES;
				CLANG_ANALYZER_NUMBER_OBJECT_CONVERSION = YES_AGGRESSIVE;
				CLANG_CXX_LANGUAGE_STANDARD = "gnu++20";
				CLANG_ENABLE_MODULES = YES;
				CLANG_ENABLE_OBJC_ARC = YES;
				CLANG_ENABLE_OBJC_WEAK = YES;
				CLANG_WARN_BLOCK_CAPTURE_AUTORELEASING = YES;
				CLANG_WARN_BOOL_CONVERSION = YES;
				CLANG_WARN_COMMA = YES;
				CLANG_WARN_CONSTANT_CONVERSION = YES;
				CLANG_WARN_DEPRECATED_OBJC_IMPLEMENTATIONS = YES;
				CLANG_WARN_DIRECT_OBJC_ISA_USAGE = YES_ERROR;
				CLANG_WARN_DOCUMENTATION_COMMENTS = YES;
				CLANG_WARN_EMPTY_BODY = YES;
				CLANG_WARN_ENUM_CONVERSION = YES;
				CLANG_WARN_INFINITE_RECURSION = YES;
				CLANG_WARN_INT_CONVERSION = YES;
				CLANG_WARN_NON_LITERAL_NULL_CONVERSION = YES;
				CLANG_WARN_OBJC_IMPLICIT_RETAIN_SELF = YES;
				CLANG_WARN_OBJC_LITERAL_CONVERSION = YES;
				CLANG_WARN_OBJC_ROOT_CLASS = YES_ERROR;
				CLANG_WARN_QUOTED_INCLUDE_IN_FRAMEWORK_HEADER = YES;
				CLANG_WARN_RANGE_LOOP_ANALYSIS = YES;
				CLANG_WARN_STRICT_PROTOTYPES = YES;
				CLANG_WARN_SUSPICIOUS_MOVE = YES;
				CLANG_WARN_UNGUARDED_AVAILABILITY = YES_AGGRESSIVE;
				CLANG_WARN_UNREACHABLE_CODE = YES;
				CLANG_WARN__DUPLICATE_METHOD_MATCH = YES;
				COPY_PHASE_STRIP = NO;
				DEBUG_INFORMATION_FORMAT = dwarf;
				ENABLE_STRICT_OBJC_MSGSEND = YES;
				ENABLE_TESTABILITY = YES;
				ENABLE_USER_SCRIPT_SANDBOXING = YES;
				GCC_C_LANGUAGE_STANDARD = gnu17;
				GCC_DYNAMIC_NO_PIC = NO;
				GCC_NO_COMMON_BLOCKS = YES;
				GCC_OPTIMIZATION_LEVEL = 0;
				GCC_PREPROCESSOR_DEFINITIONS = (
					"DEBUG=1",
					"$(inherited)",
				);
				GCC_WARN_64_TO_32_BIT_CONVERSION = YES;
				GCC_WARN_ABOUT_RETURN_TYPE = YES_ERROR;
				GCC_WARN_UNDECLARED_SELECTOR = YES;
				GCC_WARN_UNINITIALIZED_AUTOS = YES_AGGRESSIVE;
				GCC_WARN_UNUSED_FUNCTION = YES;
				GCC_WARN_UNUSED_VARIABLE = YES;
				IPHONEOS_DEPLOYMENT_TARGET = 17.0;
				LOCALIZATION_PREFERS_STRING_CATALOGS = YES;
				MTL_ENABLE_DEBUG_INFO = INCLUDE_SOURCE;
				MTL_FAST_MATH = YES;
				ONLY_ACTIVE_ARCH = YES;
				"OTHER_LDFLAGS[arch=*]" = "-ObjC";
				SDKROOT = iphoneos;
				SWIFT_ACTIVE_COMPILATION_CONDITIONS = "DEBUG $(inherited)";
				SWIFT_OPTIMIZATION_LEVEL = "-Onone";
			};
			name = Debug;
		};
		9472B64B2B17DF4B00B7620C /* Release */ = {
			isa = XCBuildConfiguration;
			buildSettings = {
				ALWAYS_SEARCH_USER_PATHS = NO;
				ASSETCATALOG_COMPILER_GENERATE_SWIFT_ASSET_SYMBOL_EXTENSIONS = YES;
				CLANG_ANALYZER_NONNULL = YES;
				CLANG_ANALYZER_NUMBER_OBJECT_CONVERSION = YES_AGGRESSIVE;
				CLANG_CXX_LANGUAGE_STANDARD = "gnu++20";
				CLANG_ENABLE_MODULES = YES;
				CLANG_ENABLE_OBJC_ARC = YES;
				CLANG_ENABLE_OBJC_WEAK = YES;
				CLANG_WARN_BLOCK_CAPTURE_AUTORELEASING = YES;
				CLANG_WARN_BOOL_CONVERSION = YES;
				CLANG_WARN_COMMA = YES;
				CLANG_WARN_CONSTANT_CONVERSION = YES;
				CLANG_WARN_DEPRECATED_OBJC_IMPLEMENTATIONS = YES;
				CLANG_WARN_DIRECT_OBJC_ISA_USAGE = YES_ERROR;
				CLANG_WARN_DOCUMENTATION_COMMENTS = YES;
				CLANG_WARN_EMPTY_BODY = YES;
				CLANG_WARN_ENUM_CONVERSION = YES;
				CLANG_WARN_INFINITE_RECURSION = YES;
				CLANG_WARN_INT_CONVERSION = YES;
				CLANG_WARN_NON_LITERAL_NULL_CONVERSION = YES;
				CLANG_WARN_OBJC_IMPLICIT_RETAIN_SELF = YES;
				CLANG_WARN_OBJC_LITERAL_CONVERSION = YES;
				CLANG_WARN_OBJC_ROOT_CLASS = YES_ERROR;
				CLANG_WARN_QUOTED_INCLUDE_IN_FRAMEWORK_HEADER = YES;
				CLANG_WARN_RANGE_LOOP_ANALYSIS = YES;
				CLANG_WARN_STRICT_PROTOTYPES = YES;
				CLANG_WARN_SUSPICIOUS_MOVE = YES;
				CLANG_WARN_UNGUARDED_AVAILABILITY = YES_AGGRESSIVE;
				CLANG_WARN_UNREACHABLE_CODE = YES;
				CLANG_WARN__DUPLICATE_METHOD_MATCH = YES;
				COPY_PHASE_STRIP = NO;
				DEBUG_INFORMATION_FORMAT = "dwarf-with-dsym";
				ENABLE_NS_ASSERTIONS = NO;
				ENABLE_STRICT_OBJC_MSGSEND = YES;
				ENABLE_USER_SCRIPT_SANDBOXING = YES;
				GCC_C_LANGUAGE_STANDARD = gnu17;
				GCC_NO_COMMON_BLOCKS = YES;
				GCC_WARN_64_TO_32_BIT_CONVERSION = YES;
				GCC_WARN_ABOUT_RETURN_TYPE = YES_ERROR;
				GCC_WARN_UNDECLARED_SELECTOR = YES;
				GCC_WARN_UNINITIALIZED_AUTOS = YES_AGGRESSIVE;
				GCC_WARN_UNUSED_FUNCTION = YES;
				GCC_WARN_UNUSED_VARIABLE = YES;
				IPHONEOS_DEPLOYMENT_TARGET = 17.0;
				LOCALIZATION_PREFERS_STRING_CATALOGS = YES;
				MTL_ENABLE_DEBUG_INFO = NO;
				MTL_FAST_MATH = YES;
				"OTHER_LDFLAGS[arch=*]" = "-ObjC";
				SDKROOT = iphoneos;
				SWIFT_COMPILATION_MODE = wholemodule;
				VALIDATE_PRODUCT = YES;
			};
			name = Release;
		};
		9472B64D2B17DF4B00B7620C /* Debug */ = {
			isa = XCBuildConfiguration;
			buildSettings = {
				ASSETCATALOG_COMPILER_APPICON_NAME = AppIcon;
				ASSETCATALOG_COMPILER_GLOBAL_ACCENT_COLOR_NAME = AccentColor;
				CODE_SIGN_STYLE = Automatic;
				CURRENT_PROJECT_VERSION = 1;
				GENERATE_INFOPLIST_FILE = YES;
				INFOPLIST_FILE = PetProject/Resurses/Info.plist;
				INFOPLIST_KEY_UIApplicationSupportsIndirectInputEvents = YES;
				INFOPLIST_KEY_UILaunchStoryboardName = LaunchScreen;
				INFOPLIST_KEY_UISupportedInterfaceOrientations_iPad = "UIInterfaceOrientationPortrait UIInterfaceOrientationPortraitUpsideDown UIInterfaceOrientationLandscapeLeft UIInterfaceOrientationLandscapeRight";
				INFOPLIST_KEY_UISupportedInterfaceOrientations_iPhone = "UIInterfaceOrientationPortrait UIInterfaceOrientationLandscapeLeft UIInterfaceOrientationLandscapeRight";
				LD_RUNPATH_SEARCH_PATHS = (
					"$(inherited)",
					"@executable_path/Frameworks",
				);
				MARKETING_VERSION = 1.0;
				PRODUCT_BUNDLE_IDENTIFIER = Andrew.PetProject;
				PRODUCT_NAME = "$(TARGET_NAME)";
				SWIFT_EMIT_LOC_STRINGS = YES;
				SWIFT_VERSION = 5.0;
				TARGETED_DEVICE_FAMILY = "1,2";
			};
			name = Debug;
		};
		9472B64E2B17DF4B00B7620C /* Release */ = {
			isa = XCBuildConfiguration;
			buildSettings = {
				ASSETCATALOG_COMPILER_APPICON_NAME = AppIcon;
				ASSETCATALOG_COMPILER_GLOBAL_ACCENT_COLOR_NAME = AccentColor;
				CODE_SIGN_STYLE = Automatic;
				CURRENT_PROJECT_VERSION = 1;
				GENERATE_INFOPLIST_FILE = YES;
				INFOPLIST_FILE = PetProject/Resurses/Info.plist;
				INFOPLIST_KEY_UIApplicationSupportsIndirectInputEvents = YES;
				INFOPLIST_KEY_UILaunchStoryboardName = LaunchScreen;
				INFOPLIST_KEY_UISupportedInterfaceOrientations_iPad = "UIInterfaceOrientationPortrait UIInterfaceOrientationPortraitUpsideDown UIInterfaceOrientationLandscapeLeft UIInterfaceOrientationLandscapeRight";
				INFOPLIST_KEY_UISupportedInterfaceOrientations_iPhone = "UIInterfaceOrientationPortrait UIInterfaceOrientationLandscapeLeft UIInterfaceOrientationLandscapeRight";
				LD_RUNPATH_SEARCH_PATHS = (
					"$(inherited)",
					"@executable_path/Frameworks",
				);
				MARKETING_VERSION = 1.0;
				PRODUCT_BUNDLE_IDENTIFIER = Andrew.PetProject;
				PRODUCT_NAME = "$(TARGET_NAME)";
				SWIFT_EMIT_LOC_STRINGS = YES;
				SWIFT_VERSION = 5.0;
				TARGETED_DEVICE_FAMILY = "1,2";
			};
			name = Release;
		};
		9472B6502B17DF4B00B7620C /* Debug */ = {
			isa = XCBuildConfiguration;
			buildSettings = {
				ALWAYS_EMBED_SWIFT_STANDARD_LIBRARIES = YES;
				BUNDLE_LOADER = "$(TEST_HOST)";
				CODE_SIGN_STYLE = Automatic;
				CURRENT_PROJECT_VERSION = 1;
				GENERATE_INFOPLIST_FILE = YES;
				IPHONEOS_DEPLOYMENT_TARGET = 17.0;
				MARKETING_VERSION = 1.0;
				PRODUCT_BUNDLE_IDENTIFIER = Andrew.PetProjectTests;
				PRODUCT_NAME = "$(TARGET_NAME)";
				SWIFT_EMIT_LOC_STRINGS = NO;
				SWIFT_VERSION = 5.0;
				TARGETED_DEVICE_FAMILY = "1,2";
				TEST_HOST = "$(BUILT_PRODUCTS_DIR)/PetProject.app/$(BUNDLE_EXECUTABLE_FOLDER_PATH)/PetProject";
			};
			name = Debug;
		};
		9472B6512B17DF4B00B7620C /* Release */ = {
			isa = XCBuildConfiguration;
			buildSettings = {
				ALWAYS_EMBED_SWIFT_STANDARD_LIBRARIES = YES;
				BUNDLE_LOADER = "$(TEST_HOST)";
				CODE_SIGN_STYLE = Automatic;
				CURRENT_PROJECT_VERSION = 1;
				GENERATE_INFOPLIST_FILE = YES;
				IPHONEOS_DEPLOYMENT_TARGET = 17.0;
				MARKETING_VERSION = 1.0;
				PRODUCT_BUNDLE_IDENTIFIER = Andrew.PetProjectTests;
				PRODUCT_NAME = "$(TARGET_NAME)";
				SWIFT_EMIT_LOC_STRINGS = NO;
				SWIFT_VERSION = 5.0;
				TARGETED_DEVICE_FAMILY = "1,2";
				TEST_HOST = "$(BUILT_PRODUCTS_DIR)/PetProject.app/$(BUNDLE_EXECUTABLE_FOLDER_PATH)/PetProject";
			};
			name = Release;
		};
		9472B6532B17DF4B00B7620C /* Debug */ = {
			isa = XCBuildConfiguration;
			buildSettings = {
				ALWAYS_EMBED_SWIFT_STANDARD_LIBRARIES = YES;
				CODE_SIGN_STYLE = Automatic;
				CURRENT_PROJECT_VERSION = 1;
				GENERATE_INFOPLIST_FILE = YES;
				MARKETING_VERSION = 1.0;
				PRODUCT_BUNDLE_IDENTIFIER = Andrew.PetProjectUITests;
				PRODUCT_NAME = "$(TARGET_NAME)";
				SWIFT_EMIT_LOC_STRINGS = NO;
				SWIFT_VERSION = 5.0;
				TARGETED_DEVICE_FAMILY = "1,2";
				TEST_TARGET_NAME = PetProject;
			};
			name = Debug;
		};
		9472B6542B17DF4B00B7620C /* Release */ = {
			isa = XCBuildConfiguration;
			buildSettings = {
				ALWAYS_EMBED_SWIFT_STANDARD_LIBRARIES = YES;
				CODE_SIGN_STYLE = Automatic;
				CURRENT_PROJECT_VERSION = 1;
				GENERATE_INFOPLIST_FILE = YES;
				MARKETING_VERSION = 1.0;
				PRODUCT_BUNDLE_IDENTIFIER = Andrew.PetProjectUITests;
				PRODUCT_NAME = "$(TARGET_NAME)";
				SWIFT_EMIT_LOC_STRINGS = NO;
				SWIFT_VERSION = 5.0;
				TARGETED_DEVICE_FAMILY = "1,2";
				TEST_TARGET_NAME = PetProject;
			};
			name = Release;
		};
/* End XCBuildConfiguration section */

/* Begin XCConfigurationList section */
		9472B61A2B17DF4900B7620C /* Build configuration list for PBXProject "PetProject" */ = {
			isa = XCConfigurationList;
			buildConfigurations = (
				9472B64A2B17DF4B00B7620C /* Debug */,
				9472B64B2B17DF4B00B7620C /* Release */,
			);
			defaultConfigurationIsVisible = 0;
			defaultConfigurationName = Release;
		};
		9472B64C2B17DF4B00B7620C /* Build configuration list for PBXNativeTarget "PetProject" */ = {
			isa = XCConfigurationList;
			buildConfigurations = (
				9472B64D2B17DF4B00B7620C /* Debug */,
				9472B64E2B17DF4B00B7620C /* Release */,
			);
			defaultConfigurationIsVisible = 0;
			defaultConfigurationName = Release;
		};
		9472B64F2B17DF4B00B7620C /* Build configuration list for PBXNativeTarget "PetProjectTests" */ = {
			isa = XCConfigurationList;
			buildConfigurations = (
				9472B6502B17DF4B00B7620C /* Debug */,
				9472B6512B17DF4B00B7620C /* Release */,
			);
			defaultConfigurationIsVisible = 0;
			defaultConfigurationName = Release;
		};
		9472B6522B17DF4B00B7620C /* Build configuration list for PBXNativeTarget "PetProjectUITests" */ = {
			isa = XCConfigurationList;
			buildConfigurations = (
				9472B6532B17DF4B00B7620C /* Debug */,
				9472B6542B17DF4B00B7620C /* Release */,
			);
			defaultConfigurationIsVisible = 0;
			defaultConfigurationName = Release;
		};
/* End XCConfigurationList section */

/* Begin XCRemoteSwiftPackageReference section */
		94DF74042B75617D00956651 /* XCRemoteSwiftPackageReference "firebase-ios-sdk" */ = {
			isa = XCRemoteSwiftPackageReference;
			repositoryURL = "https://github.com/firebase/firebase-ios-sdk";
			requirement = {
				kind = upToNextMajorVersion;
				minimumVersion = 10.21.0;
			};
		};
/* End XCRemoteSwiftPackageReference section */

/* Begin XCSwiftPackageProductDependency section */
		94DF74052B75617E00956651 /* FirebaseAuth */ = {
			isa = XCSwiftPackageProductDependency;
			package = 94DF74042B75617D00956651 /* XCRemoteSwiftPackageReference "firebase-ios-sdk" */;
			productName = FirebaseAuth;
		};
		94DF74072B75617E00956651 /* FirebaseFirestore */ = {
			isa = XCSwiftPackageProductDependency;
			package = 94DF74042B75617D00956651 /* XCRemoteSwiftPackageReference "firebase-ios-sdk" */;
			productName = FirebaseFirestore;
		};
/* End XCSwiftPackageProductDependency section */

/* Begin XCVersionGroup section */
		9472B62B2B17DF4900B7620C /* PetProject.xcdatamodeld */ = {
			isa = XCVersionGroup;
			children = (
				9472B62C2B17DF4900B7620C /* PetProject.xcdatamodel */,
			);
			currentVersion = 9472B62C2B17DF4900B7620C /* PetProject.xcdatamodel */;
			path = PetProject.xcdatamodeld;
			sourceTree = "<group>";
			versionGroupType = wrapper.xcdatamodel;
		};
/* End XCVersionGroup section */
	};
	rootObject = 9472B6172B17DF4900B7620C /* Project object */;
}
